// !$*UTF8*$!
{
	archiveVersion = 1;
	classes = {
	};
	objectVersion = 46;
	objects = {

/* Begin PBXBuildFile section */
		AF0089E81DCBFA5C00B4087A /* NSError+Description.m in Sources */ = {isa = PBXBuildFile; fileRef = AF0089E71DCBFA5C00B4087A /* NSError+Description.m */; };
		AF0089EB1DCBFB1700B4087A /* RecorderView.m in Sources */ = {isa = PBXBuildFile; fileRef = AF0089EA1DCBFB1700B4087A /* RecorderView.m */; };
		AF0089EE1DCC0E9100B4087A /* RecordViewController.m in Sources */ = {isa = PBXBuildFile; fileRef = AF0089ED1DCC0E9100B4087A /* RecordViewController.m */; };
		AF8A55AB1DCA9E920098B5C0 /* main.m in Sources */ = {isa = PBXBuildFile; fileRef = AF8A55AA1DCA9E920098B5C0 /* main.m */; };
		AF8A55AE1DCA9E920098B5C0 /* AppDelegate.m in Sources */ = {isa = PBXBuildFile; fileRef = AF8A55AD1DCA9E920098B5C0 /* AppDelegate.m */; };
		AF8A55B41DCA9E920098B5C0 /* Recorder.storyboard in Resources */ = {isa = PBXBuildFile; fileRef = AF8A55B21DCA9E920098B5C0 /* Recorder.storyboard */; };
		AF8A55B61DCA9E920098B5C0 /* Assets.xcassets in Resources */ = {isa = PBXBuildFile; fileRef = AF8A55B51DCA9E920098B5C0 /* Assets.xcassets */; };
		AF8A55B91DCA9E920098B5C0 /* LaunchScreen.storyboard in Resources */ = {isa = PBXBuildFile; fileRef = AF8A55B71DCA9E920098B5C0 /* LaunchScreen.storyboard */; };
		AF8A55C51DCAA0AE0098B5C0 /* AVFoundation.framework in Frameworks */ = {isa = PBXBuildFile; fileRef = AF8A55C41DCAA0AE0098B5C0 /* AVFoundation.framework */; settings = {ATTRIBUTES = (Required, ); }; };
/* End PBXBuildFile section */

/* Begin PBXFileReference section */
		AF0089E61DCBFA5C00B4087A /* NSError+Description.h */ = {isa = PBXFileReference; fileEncoding = 4; lastKnownFileType = sourcecode.c.h; path = "NSError+Description.h"; sourceTree = "<group>"; };
		AF0089E71DCBFA5C00B4087A /* NSError+Description.m */ = {isa = PBXFileReference; fileEncoding = 4; lastKnownFileType = sourcecode.c.objc; path = "NSError+Description.m"; sourceTree = "<group>"; };
		AF0089E91DCBFB1700B4087A /* RecorderView.h */ = {isa = PBXFileReference; fileEncoding = 4; lastKnownFileType = sourcecode.c.h; path = RecorderView.h; sourceTree = "<group>"; };
		AF0089EA1DCBFB1700B4087A /* RecorderView.m */ = {isa = PBXFileReference; fileEncoding = 4; lastKnownFileType = sourcecode.c.objc; path = RecorderView.m; sourceTree = "<group>"; };
		AF0089EC1DCC0E9100B4087A /* RecordViewController.h */ = {isa = PBXFileReference; fileEncoding = 4; lastKnownFileType = sourcecode.c.h; path = RecordViewController.h; sourceTree = "<group>"; };
		AF0089ED1DCC0E9100B4087A /* RecordViewController.m */ = {isa = PBXFileReference; fileEncoding = 4; lastKnownFileType = sourcecode.c.objc; path = RecordViewController.m; sourceTree = "<group>"; };
		AF8A55A61DCA9E920098B5C0 /* VoiceCode.app */ = {isa = PBXFileReference; explicitFileType = wrapper.application; includeInIndex = 0; path = VoiceCode.app; sourceTree = BUILT_PRODUCTS_DIR; };
		AF8A55AA1DCA9E920098B5C0 /* main.m */ = {isa = PBXFileReference; lastKnownFileType = sourcecode.c.objc; path = main.m; sourceTree = "<group>"; };
		AF8A55AC1DCA9E920098B5C0 /* AppDelegate.h */ = {isa = PBXFileReference; lastKnownFileType = sourcecode.c.h; path = AppDelegate.h; sourceTree = "<group>"; };
		AF8A55AD1DCA9E920098B5C0 /* AppDelegate.m */ = {isa = PBXFileReference; lastKnownFileType = sourcecode.c.objc; path = AppDelegate.m; sourceTree = "<group>"; };
		AF8A55B31DCA9E920098B5C0 /* Base */ = {isa = PBXFileReference; lastKnownFileType = file.storyboard; name = Base; path = Base.lproj/Recorder.storyboard; sourceTree = "<group>"; };
		AF8A55B51DCA9E920098B5C0 /* Assets.xcassets */ = {isa = PBXFileReference; lastKnownFileType = folder.assetcatalog; path = Assets.xcassets; sourceTree = "<group>"; };
		AF8A55B81DCA9E920098B5C0 /* Base */ = {isa = PBXFileReference; lastKnownFileType = file.storyboard; name = Base; path = Base.lproj/LaunchScreen.storyboard; sourceTree = "<group>"; };
		AF8A55BA1DCA9E920098B5C0 /* Info.plist */ = {isa = PBXFileReference; lastKnownFileType = text.plist.xml; path = Info.plist; sourceTree = "<group>"; };
		AF8A55C41DCAA0AE0098B5C0 /* AVFoundation.framework */ = {isa = PBXFileReference; lastKnownFileType = wrapper.framework; name = AVFoundation.framework; path = System/Library/Frameworks/AVFoundation.framework; sourceTree = SDKROOT; };
/* End PBXFileReference section */

/* Begin PBXFrameworksBuildPhase section */
		AF8A55A31DCA9E920098B5C0 /* Frameworks */ = {
			isa = PBXFrameworksBuildPhase;
			buildActionMask = 2147483647;
			files = (
				AF8A55C51DCAA0AE0098B5C0 /* AVFoundation.framework in Frameworks */,
			);
			runOnlyForDeploymentPostprocessing = 0;
		};
/* End PBXFrameworksBuildPhase section */

/* Begin PBXGroup section */
		AF8A559D1DCA9E920098B5C0 = {
			isa = PBXGroup;
			children = (
				AF8A55A81DCA9E920098B5C0 /* VoiceCode */,
				AF8A55A71DCA9E920098B5C0 /* Products */,
				AF8A55C31DCAA0AD0098B5C0 /* Frameworks */,
			);
			sourceTree = "<group>";
		};
		AF8A55A71DCA9E920098B5C0 /* Products */ = {
			isa = PBXGroup;
			children = (
				AF8A55A61DCA9E920098B5C0 /* VoiceCode.app */,
			);
			name = Products;
			sourceTree = "<group>";
		};
		AF8A55A81DCA9E920098B5C0 /* VoiceCode */ = {
			isa = PBXGroup;
			children = (
				AF8A55AC1DCA9E920098B5C0 /* AppDelegate.h */,
				AF8A55AD1DCA9E920098B5C0 /* AppDelegate.m */,
				AF0089E91DCBFB1700B4087A /* RecorderView.h */,
				AF0089EC1DCC0E9100B4087A /* RecordViewController.h */,
				AF0089ED1DCC0E9100B4087A /* RecordViewController.m */,
				AF0089EA1DCBFB1700B4087A /* RecorderView.m */,
				AF8A55B21DCA9E920098B5C0 /* Recorder.storyboard */,
				AF8A55B51DCA9E920098B5C0 /* Assets.xcassets */,
				AF8A55B71DCA9E920098B5C0 /* LaunchScreen.storyboard */,
				AF8A55BA1DCA9E920098B5C0 /* Info.plist */,
				AF8A55A91DCA9E920098B5C0 /* Supporting Files */,
				AF0089E61DCBFA5C00B4087A /* NSError+Description.h */,
				AF0089E71DCBFA5C00B4087A /* NSError+Description.m */,
			);
			path = VoiceCode;
			sourceTree = "<group>";
		};
		AF8A55A91DCA9E920098B5C0 /* Supporting Files */ = {
			isa = PBXGroup;
			children = (
				AF8A55AA1DCA9E920098B5C0 /* main.m */,
			);
			name = "Supporting Files";
			sourceTree = "<group>";
		};
		AF8A55C31DCAA0AD0098B5C0 /* Frameworks */ = {
			isa = PBXGroup;
			children = (
				AF8A55C41DCAA0AE0098B5C0 /* AVFoundation.framework */,
			);
			name = Frameworks;
			sourceTree = "<group>";
		};
/* End PBXGroup section */

/* Begin PBXNativeTarget section */
		AF8A55A51DCA9E920098B5C0 /* VoiceCode */ = {
			isa = PBXNativeTarget;
			buildConfigurationList = AF8A55BD1DCA9E920098B5C0 /* Build configuration list for PBXNativeTarget "VoiceCode" */;
			buildPhases = (
				AF8A55A21DCA9E920098B5C0 /* Sources */,
				AF8A55A31DCA9E920098B5C0 /* Frameworks */,
				AF8A55A41DCA9E920098B5C0 /* Resources */,
			);
			buildRules = (
			);
			dependencies = (
			);
			name = VoiceCode;
			productName = VoiceCode;
			productReference = AF8A55A61DCA9E920098B5C0 /* VoiceCode.app */;
			productType = "com.apple.product-type.application";
		};
/* End PBXNativeTarget section */

/* Begin PBXProject section */
		AF8A559E1DCA9E920098B5C0 /* Project object */ = {
			isa = PBXProject;
			attributes = {
				LastUpgradeCheck = 0810;
				ORGANIZATIONNAME = "Budyn&Friends";
				TargetAttributes = {
					AF8A55A51DCA9E920098B5C0 = {
						CreatedOnToolsVersion = 8.1;
						DevelopmentTeam = AD6M7L74H7;
						ProvisioningStyle = Automatic;
					};
				};
			};
			buildConfigurationList = AF8A55A11DCA9E920098B5C0 /* Build configuration list for PBXProject "VoiceCode" */;
			compatibilityVersion = "Xcode 3.2";
			developmentRegion = English;
			hasScannedForEncodings = 0;
			knownRegions = (
				en,
				Base,
			);
			mainGroup = AF8A559D1DCA9E920098B5C0;
			productRefGroup = AF8A55A71DCA9E920098B5C0 /* Products */;
			projectDirPath = "";
			projectRoot = "";
			targets = (
				AF8A55A51DCA9E920098B5C0 /* VoiceCode */,
			);
		};
/* End PBXProject section */

/* Begin PBXResourcesBuildPhase section */
		AF8A55A41DCA9E920098B5C0 /* Resources */ = {
			isa = PBXResourcesBuildPhase;
			buildActionMask = 2147483647;
			files = (
				AF8A55B91DCA9E920098B5C0 /* LaunchScreen.storyboard in Resources */,
				AF8A55B61DCA9E920098B5C0 /* Assets.xcassets in Resources */,
				AF8A55B41DCA9E920098B5C0 /* Recorder.storyboard in Resources */,
			);
			runOnlyForDeploymentPostprocessing = 0;
		};
/* End PBXResourcesBuildPhase section */

/* Begin PBXSourcesBuildPhase section */
		AF8A55A21DCA9E920098B5C0 /* Sources */ = {
			isa = PBXSourcesBuildPhase;
			buildActionMask = 2147483647;
			files = (
				AF0089EB1DCBFB1700B4087A /* RecorderView.m in Sources */,
				AF8A55AE1DCA9E920098B5C0 /* AppDelegate.m in Sources */,
				AF0089E81DCBFA5C00B4087A /* NSError+Description.m in Sources */,
				AF8A55AB1DCA9E920098B5C0 /* main.m in Sources */,
				AF0089EE1DCC0E9100B4087A /* RecordViewController.m in Sources */,
			);
			runOnlyForDeploymentPostprocessing = 0;
		};
/* End PBXSourcesBuildPhase section */

/* Begin PBXVariantGroup section */
		AF8A55B21DCA9E920098B5C0 /* Recorder.storyboard */ = {
			isa = PBXVariantGroup;
			children = (
				AF8A55B31DCA9E920098B5C0 /* Base */,
			);
			name = Recorder.storyboard;
			sourceTree = "<group>";
		};
		AF8A55B71DCA9E920098B5C0 /* LaunchScreen.storyboard */ = {
			isa = PBXVariantGroup;
			children = (
				AF8A55B81DCA9E920098B5C0 /* Base */,
			);
			name = LaunchScreen.storyboard;
			sourceTree = "<group>";
		};
/* End PBXVariantGroup section */

/* Begin XCBuildConfiguration section */
		AF8A55BB1DCA9E920098B5C0 /* Debug */ = {
			isa = XCBuildConfiguration;
			buildSettings = {
				ALWAYS_SEARCH_USER_PATHS = NO;
				CLANG_ANALYZER_NONNULL = YES;
				CLANG_CXX_LANGUAGE_STANDARD = "gnu++0x";
				CLANG_CXX_LIBRARY = "libc++";
				CLANG_ENABLE_MODULES = YES;
				CLANG_ENABLE_OBJC_ARC = YES;
				CLANG_WARN_BOOL_CONVERSION = YES;
				CLANG_WARN_CONSTANT_CONVERSION = YES;
				CLANG_WARN_DIRECT_OBJC_ISA_USAGE = YES_ERROR;
				CLANG_WARN_DOCUMENTATION_COMMENTS = YES;
				CLANG_WARN_EMPTY_BODY = YES;
				CLANG_WARN_ENUM_CONVERSION = YES;
				CLANG_WARN_INFINITE_RECURSION = YES;
				CLANG_WARN_INT_CONVERSION = YES;
				CLANG_WARN_OBJC_ROOT_CLASS = YES_ERROR;
				CLANG_WARN_SUSPICIOUS_MOVES = YES;
				CLANG_WARN_UNREACHABLE_CODE = YES;
				CLANG_WARN__DUPLICATE_METHOD_MATCH = YES;
				"CODE_SIGN_IDENTITY[sdk=iphoneos*]" = "iPhone Developer";
				COPY_PHASE_STRIP = NO;
				DEBUG_INFORMATION_FORMAT = dwarf;
				ENABLE_STRICT_OBJC_MSGSEND = YES;
				ENABLE_TESTABILITY = YES;
				GCC_C_LANGUAGE_STANDARD = gnu99;
				GCC_DYNAMIC_NO_PIC = NO;
				GCC_NO_COMMON_BLOCKS = YES;
				GCC_OPTIMIZATION_LEVEL = 0;
				GCC_PREPROCESSOR_DEFINITIONS = (
					"DEBUG=1",
					"$(inherited)",
				);
				GCC_WARN_64_TO_32_BIT_CONVERSION = YES;
				GCC_WARN_ABOUT_RETURN_TYPE = YES_ERROR;
				GCC_WARN_UNDECLARED_SELECTOR = YES;
				GCC_WARN_UNINITIALIZED_AUTOS = YES_AGGRESSIVE;
				GCC_WARN_UNUSED_FUNCTION = YES;
				GCC_WARN_UNUSED_VARIABLE = YES;
				IPHONEOS_DEPLOYMENT_TARGET = 10.1;
				MTL_ENABLE_DEBUG_INFO = YES;
				ONLY_ACTIVE_ARCH = YES;
				SDKROOT = iphoneos;
				TARGETED_DEVICE_FAMILY = "1,2";
			};
			name = Debug;
		};
		AF8A55BC1DCA9E920098B5C0 /* Release */ = {
			isa = XCBuildConfiguration;
			buildSettings = {
				ALWAYS_SEARCH_USER_PATHS = NO;
				CLANG_ANALYZER_NONNULL = YES;
				CLANG_CXX_LANGUAGE_STANDARD = "gnu++0x";
				CLANG_CXX_LIBRARY = "libc++";
				CLANG_ENABLE_MODULES = YES;
				CLANG_ENABLE_OBJC_ARC = YES;
				CLANG_WARN_BOOL_CONVERSION = YES;
				CLANG_WARN_CONSTANT_CONVERSION = YES;
				CLANG_WARN_DIRECT_OBJC_ISA_USAGE = YES_ERROR;
				CLANG_WARN_DOCUMENTATION_COMMENTS = YES;
				CLANG_WARN_EMPTY_BODY = YES;
				CLANG_WARN_ENUM_CONVERSION = YES;
				CLANG_WARN_INFINITE_RECURSION = YES;
				CLANG_WARN_INT_CONVERSION = YES;
				CLANG_WARN_OBJC_ROOT_CLASS = YES_ERROR;
				CLANG_WARN_SUSPICIOUS_MOVES = YES;
				CLANG_WARN_UNREACHABLE_CODE = YES;
				CLANG_WARN__DUPLICATE_METHOD_MATCH = YES;
				"CODE_SIGN_IDENTITY[sdk=iphoneos*]" = "iPhone Developer";
				COPY_PHASE_STRIP = NO;
				DEBUG_INFORMATION_FORMAT = "dwarf-with-dsym";
				ENABLE_NS_ASSERTIONS = NO;
				ENABLE_STRICT_OBJC_MSGSEND = YES;
				GCC_C_LANGUAGE_STANDARD = gnu99;
				GCC_NO_COMMON_BLOCKS = YES;
				GCC_WARN_64_TO_32_BIT_CONVERSION = YES;
				GCC_WARN_ABOUT_RETURN_TYPE = YES_ERROR;
				GCC_WARN_UNDECLARED_SELECTOR = YES;
				GCC_WARN_UNINITIALIZED_AUTOS = YES_AGGRESSIVE;
				GCC_WARN_UNUSED_FUNCTION = YES;
				GCC_WARN_UNUSED_VARIABLE = YES;
				IPHONEOS_DEPLOYMENT_TARGET = 10.1;
				MTL_ENABLE_DEBUG_INFO = NO;
				SDKROOT = iphoneos;
				TARGETED_DEVICE_FAMILY = "1,2";
				VALIDATE_PRODUCT = YES;
			};
			name = Release;
		};
		AF8A55BE1DCA9E920098B5C0 /* Debug */ = {
			isa = XCBuildConfiguration;
			buildSettings = {
				ASSETCATALOG_COMPILER_APPICON_NAME = AppIcon;
				DEVELOPMENT_TEAM = AD6M7L74H7;
				INFOPLIST_FILE = VoiceCode/Info.plist;
				IPHONEOS_DEPLOYMENT_TARGET = 9.0;
				LD_RUNPATH_SEARCH_PATHS = "$(inherited) @executable_path/Frameworks";
				PRODUCT_BUNDLE_IDENTIFIER = com.budyn.vratis.VoiceCode;
				PRODUCT_NAME = "$(TARGET_NAME)";
			};
			name = Debug;
		};
		AF8A55BF1DCA9E920098B5C0 /* Release */ = {
			isa = XCBuildConfiguration;
			buildSettings = {
				ASSETCATALOG_COMPILER_APPICON_NAME = AppIcon;
				DEVELOPMENT_TEAM = AD6M7L74H7;
				INFOPLIST_FILE = VoiceCode/Info.plist;
				IPHONEOS_DEPLOYMENT_TARGET = 9.0;
				LD_RUNPATH_SEARCH_PATHS = "$(inherited) @executable_path/Frameworks";
				PRODUCT_BUNDLE_IDENTIFIER = com.budyn.vratis.VoiceCode;
				PRODUCT_NAME = "$(TARGET_NAME)";
			};
			name = Release;
		};
/* End XCBuildConfiguration section */

/* Begin XCConfigurationList section */
		AF8A55A11DCA9E920098B5C0 /* Build configuration list for PBXProject "VoiceCode" */ = {
			isa = XCConfigurationList;
			buildConfigurations = (
				AF8A55BB1DCA9E920098B5C0 /* Debug */,
				AF8A55BC1DCA9E920098B5C0 /* Release */,
			);
			defaultConfigurationIsVisible = 0;
			defaultConfigurationName = Release;
		};
		AF8A55BD1DCA9E920098B5C0 /* Build configuration list for PBXNativeTarget "VoiceCode" */ = {
			isa = XCConfigurationList;
			buildConfigurations = (
				AF8A55BE1DCA9E920098B5C0 /* Debug */,
				AF8A55BF1DCA9E920098B5C0 /* Release */,
			);
			defaultConfigurationIsVisible = 0;
			defaultConfigurationName = Release;
		};
/* End XCConfigurationList section */
	};
	rootObject = AF8A559E1DCA9E920098B5C0 /* Project object */;
}
